
Microsoft Visual Studio Solution File, Format Version 12.00
# Visual Studio Version 17
VisualStudioVersion = 17.1.32328.378
MinimumVisualStudioVersion = 10.0.40219.1
Project("{FAE04EC0-301F-11D3-BF4B-00C04F79EFBC}") = "Calender", "Calender\Calender.csproj", "{5C40351C-958F-4D78-B0F8-B31E8115A2FE}"
EndProject
Project("{FAE04EC0-301F-11D3-BF4B-00C04F79EFBC}") = "Calender.Tests", "Calender.Tests\Calender.Tests.csproj", "{635A0AF0-AAA3-4528-B8E2-B569E46D306B}"
EndProject
Global
	GlobalSection(SolutionConfigurationPlatforms) = preSolution
		Debug|Any CPU = Debug|Any CPU
		Release|Any CPU = Release|Any CPU
	EndGlobalSection
	GlobalSection(ProjectConfigurationPlatforms) = postSolution
		{5C40351C-958F-4D78-B0F8-B31E8115A2FE}.Debug|Any CPU.ActiveCfg = Debug|Any CPU
		{5C40351C-958F-4D78-B0F8-B31E8115A2FE}.Debug|Any CPU.Build.0 = Debug|Any CPU
		{5C40351C-958F-4D78-B0F8-B31E8115A2FE}.Release|Any CPU.ActiveCfg = Release|Any CPU
		{5C40351C-958F-4D78-B0F8-B31E8115A2FE}.Release|Any CPU.Build.0 = Release|Any CPU
		{635A0AF0-AAA3-4528-B8E2-B569E46D306B}.Debug|Any CPU.ActiveCfg = Debug|Any CPU
		{635A0AF0-AAA3-4528-B8E2-B569E46D306B}.Debug|Any CPU.Build.0 = Debug|Any CPU
		{635A0AF0-AAA3-4528-B8E2-B569E46D306B}.Release|Any CPU.ActiveCfg = Release|Any CPU
		{635A0AF0-AAA3-4528-B8E2-B569E46D306B}.Release|Any CPU.Build.0 = Release|Any CPU
	EndGlobalSection
	GlobalSection(SolutionProperties) = preSolution
		HideSolutionNode = FALSE
	EndGlobalSection
	GlobalSection(ExtensibilityGlobals) = postSolution
		SolutionGuid = {6DC11D46-FF8C-4A63-90CE-7B5F8D655421}
	EndGlobalSection
EndGlobal
